
Microsoft Visual Studio Solution File, Format Version 12.00
# Visual Studio Version 17
VisualStudioVersion = 17.3.32929.385
MinimumVisualStudioVersion = 10.0.40219.1
Project("{FAE04EC0-301F-11D3-BF4B-00C04F79EFBC}") = "U3AC2_C_Sergio_Prado", "U3AC2_C_Sergio_Prado\U3AC2_C_Sergio_Prado.csproj", "{481AC892-C75E-4F30-B418-288C6E9AF75C}"
EndProject
Global
	GlobalSection(SolutionConfigurationPlatforms) = preSolution
		Debug|Any CPU = Debug|Any CPU
		Release|Any CPU = Release|Any CPU
	EndGlobalSection
	GlobalSection(ProjectConfigurationPlatforms) = postSolution
		{481AC892-C75E-4F30-B418-288C6E9AF75C}.Debug|Any CPU.ActiveCfg = Debug|Any CPU
		{481AC892-C75E-4F30-B418-288C6E9AF75C}.Debug|Any CPU.Build.0 = Debug|Any CPU
		{481AC892-C75E-4F30-B418-288C6E9AF75C}.Release|Any CPU.ActiveCfg = Release|Any CPU
		{481AC892-C75E-4F30-B418-288C6E9AF75C}.Release|Any CPU.Build.0 = Release|Any CPU
	EndGlobalSection
	GlobalSection(SolutionProperties) = preSolution
		HideSolutionNode = FALSE
	EndGlobalSection
	GlobalSection(ExtensibilityGlobals) = postSolution
		SolutionGuid = {F4B8515C-D824-4FC5-9BCE-E7E478DF74F3}
	EndGlobalSection
EndGlobal
